
Microsoft Visual Studio Solution File, Format Version 12.00
# Visual Studio Version 17
VisualStudioVersion = 17.4.33122.133
MinimumVisualStudioVersion = 10.0.40219.1
Project("{FAE04EC0-301F-11D3-BF4B-00C04F79EFBC}") = "Proiect_v2", "Proiect_v2\Proiect_v2.csproj", "{88724C5B-0A2E-4EE8-8E28-50F98039CAFB}"
EndProject
Project("{2150E333-8FDC-42A3-9474-1A3956D46DE8}") = "Solution Items", "Solution Items", "{43D9A126-222D-4156-BD3C-4DC50490EF42}"
	ProjectSection(SolutionItems) = preProject
		..\AirLine.jpg = ..\AirLine.jpg
	EndProjectSection
EndProject
Global
	GlobalSection(SolutionConfigurationPlatforms) = preSolution
		Debug|Any CPU = Debug|Any CPU
		Release|Any CPU = Release|Any CPU
	EndGlobalSection
	GlobalSection(ProjectConfigurationPlatforms) = postSolution
		{88724C5B-0A2E-4EE8-8E28-50F98039CAFB}.Debug|Any CPU.ActiveCfg = Debug|Any CPU
		{88724C5B-0A2E-4EE8-8E28-50F98039CAFB}.Debug|Any CPU.Build.0 = Debug|Any CPU
		{88724C5B-0A2E-4EE8-8E28-50F98039CAFB}.Release|Any CPU.ActiveCfg = Release|Any CPU
		{88724C5B-0A2E-4EE8-8E28-50F98039CAFB}.Release|Any CPU.Build.0 = Release|Any CPU
	EndGlobalSection
	GlobalSection(SolutionProperties) = preSolution
		HideSolutionNode = FALSE
	EndGlobalSection
	GlobalSection(ExtensibilityGlobals) = postSolution
		SolutionGuid = {C576D103-EDA3-4273-A589-D544FB9C113B}
	EndGlobalSection
EndGlobal
